
Microsoft Visual Studio Solution File, Format Version 12.00
# Visual Studio Version 16
VisualStudioVersion = 16.0.30011.22
MinimumVisualStudioVersion = 10.0.40219.1
Project("{8BC9CEB8-8B4A-11D0-8D11-00A0C91BC942}") = "project", "project.vcxproj", "{6B4F3A63-94F1-4D5A-9803-E05E39A87526}"
EndProject
Global
	GlobalSection(SolutionConfigurationPlatforms) = preSolution
		Debug|x64 = Debug|x64
		Debug|x86 = Debug|x86
		Release|x64 = Release|x64
		Release|x86 = Release|x86
	EndGlobalSection
	GlobalSection(ProjectConfigurationPlatforms) = postSolution
		{6B4F3A63-94F1-4D5A-9803-E05E39A87526}.Debug|x64.ActiveCfg = Debug|x64
		{6B4F3A63-94F1-4D5A-9803-E05E39A87526}.Debug|x64.Build.0 = Debug|x64
		{6B4F3A63-94F1-4D5A-9803-E05E39A87526}.Debug|x86.ActiveCfg = Debug|Win32
		{6B4F3A63-94F1-4D5A-9803-E05E39A87526}.Debug|x86.Build.0 = Debug|Win32
		{6B4F3A63-94F1-4D5A-9803-E05E39A87526}.Release|x64.ActiveCfg = Release|x64
		{6B4F3A63-94F1-4D5A-9803-E05E39A87526}.Release|x64.Build.0 = Release|x64
		{6B4F3A63-94F1-4D5A-9803-E05E39A87526}.Release|x86.ActiveCfg = Release|Win32
		{6B4F3A63-94F1-4D5A-9803-E05E39A87526}.Release|x86.Build.0 = Release|Win32
	EndGlobalSection
	GlobalSection(SolutionProperties) = preSolution
		HideSolutionNode = FALSE
	EndGlobalSection
	GlobalSection(ExtensibilityGlobals) = postSolution
		SolutionGuid = {007BA5BD-C680-4034-8682-2BF7E02803F4}
	EndGlobalSection
EndGlobal
